
Microsoft Visual Studio Solution File, Format Version 12.00
# Visual Studio 14
VisualStudioVersion = 14.0.25123.0
MinimumVisualStudioVersion = 10.0.40219.1
Project("{FAE04EC0-301F-11D3-BF4B-00C04F79EFBC}") = "DinerMax3000Console", "DinerMax3000Console\DinerMax3000Console.csproj", "{736F2D4F-2C10-4E0F-AF6F-0E7FF71E13E1}"
EndProject
Project("{FAE04EC0-301F-11D3-BF4B-00C04F79EFBC}") = "DinerMax3000BusinessLayer", "DinerMax3000BusinessLayer\DinerMax3000BusinessLayer.csproj", "{E994A042-A2D0-4A07-812A-A90BBC24C697}"
EndProject
Global
	GlobalSection(SolutionConfigurationPlatforms) = preSolution
		Debug|Any CPU = Debug|Any CPU
		Release|Any CPU = Release|Any CPU
	EndGlobalSection
	GlobalSection(ProjectConfigurationPlatforms) = postSolution
		{736F2D4F-2C10-4E0F-AF6F-0E7FF71E13E1}.Debug|Any CPU.ActiveCfg = Debug|Any CPU
		{736F2D4F-2C10-4E0F-AF6F-0E7FF71E13E1}.Debug|Any CPU.Build.0 = Debug|Any CPU
		{736F2D4F-2C10-4E0F-AF6F-0E7FF71E13E1}.Release|Any CPU.ActiveCfg = Release|Any CPU
		{736F2D4F-2C10-4E0F-AF6F-0E7FF71E13E1}.Release|Any CPU.Build.0 = Release|Any CPU
		{E994A042-A2D0-4A07-812A-A90BBC24C697}.Debug|Any CPU.ActiveCfg = Debug|Any CPU
		{E994A042-A2D0-4A07-812A-A90BBC24C697}.Debug|Any CPU.Build.0 = Debug|Any CPU
		{E994A042-A2D0-4A07-812A-A90BBC24C697}.Release|Any CPU.ActiveCfg = Release|Any CPU
		{E994A042-A2D0-4A07-812A-A90BBC24C697}.Release|Any CPU.Build.0 = Release|Any CPU
	EndGlobalSection
	GlobalSection(SolutionProperties) = preSolution
		HideSolutionNode = FALSE
	EndGlobalSection
EndGlobal
